
Microsoft Visual Studio Solution File, Format Version 12.00
# Visual Studio Version 17
VisualStudioVersion = 17.6.33815.320
MinimumVisualStudioVersion = 10.0.40219.1
Project("{2150E333-8FDC-42A3-9474-1A3956D46DE8}") = "Services", "Services", "{D306FFA9-5860-4A60-B724-71E2FF761D1D}"
EndProject
Project("{2150E333-8FDC-42A3-9474-1A3956D46DE8}") = "Catalog", "Catalog", "{C00E353E-2E84-42EA-BC8D-D70EFC4EEBDC}"
EndProject
Project("{9A19103F-16F7-4668-BE54-9A1E7A4F7556}") = "Catalog.API", "Services\Catalog\Catalog.API\Catalog.API.csproj", "{197418E9-E95B-4AD9-82DC-2CEEF2DD0290}"
EndProject
Project("{E53339B2-1760-4266-BCC7-CA923CBCF16C}") = "docker-compose", "docker-compose.dcproj", "{48D49592-939C-46D3-B11A-3CD8400F5F6E}"
EndProject
Project("{2150E333-8FDC-42A3-9474-1A3956D46DE8}") = "Basket", "Basket", "{0D272826-7464-469E-B00F-B84D361BF100}"
EndProject
Project("{9A19103F-16F7-4668-BE54-9A1E7A4F7556}") = "Basket.API", "Services\Basket\Basket.API\Basket.API.csproj", "{EDD99D0E-EFDE-42A5-9925-02687E53AE85}"
EndProject
Project("{2150E333-8FDC-42A3-9474-1A3956D46DE8}") = "Discount", "Discount", "{28B6A7C4-3314-4685-80A2-99507205FD7E}"
EndProject
Project("{9A19103F-16F7-4668-BE54-9A1E7A4F7556}") = "Discount.API", "Services\Discount\Discount.API\Discount.API.csproj", "{2590F2D8-0DD8-40E6-9803-CB63CB5AA9A7}"
EndProject
Project("{9A19103F-16F7-4668-BE54-9A1E7A4F7556}") = "Discount.Grpc", "Services\Discount\Discount.Grpc\Discount.Grpc.csproj", "{A0F43B2C-A620-448A-899B-BE26B0A40B6D}"
EndProject
Project("{2150E333-8FDC-42A3-9474-1A3956D46DE8}") = "Ordering", "Ordering", "{2A98D0A6-919E-47F2-B324-D4EFFDD82541}"
EndProject
Project("{9A19103F-16F7-4668-BE54-9A1E7A4F7556}") = "Ordering.API", "Services\Ordering\Ordering.API\Ordering.API.csproj", "{750A7ECD-D645-4718-913F-7E627ACF8AF1}"
EndProject
Project("{9A19103F-16F7-4668-BE54-9A1E7A4F7556}") = "Ordering.Domain", "Services\Ordering\Ordering.Domain\Ordering.Domain.csproj", "{7A42AAA7-707F-4962-A74E-6A5F67F85A06}"
EndProject
Project("{9A19103F-16F7-4668-BE54-9A1E7A4F7556}") = "Ordering.Application", "Services\Ordering\Ordering.Application\Ordering.Application.csproj", "{64817D87-7D2A-44C4-AB34-E9725EA03CC5}"
EndProject
Project("{9A19103F-16F7-4668-BE54-9A1E7A4F7556}") = "Ordering.Infrastructure", "Services\Ordering\Ordering.Infrastructure\Ordering.Infrastructure.csproj", "{DED34737-7079-4573-A26F-B3A1A098C4F9}"
EndProject
Project("{2150E333-8FDC-42A3-9474-1A3956D46DE8}") = "BuildingBlocks", "BuildingBlocks", "{29408B6F-60C7-4996-8DAC-8662341428A2}"
EndProject
Project("{9A19103F-16F7-4668-BE54-9A1E7A4F7556}") = "EventBus.Messages", "BuildingBlocks\EventBus.Messages\EventBus.Messages.csproj", "{4F58F56E-9A8A-450D-91F0-298521CF2403}"
EndProject
Project("{2150E333-8FDC-42A3-9474-1A3956D46DE8}") = "ApiGateways", "ApiGateways", "{6813BC00-7F5E-44C2-BAFC-6D5EDE4272B1}"
EndProject
Project("{9A19103F-16F7-4668-BE54-9A1E7A4F7556}") = "OcelotApiGw", "ApiGateways\OcelotApiGw\OcelotApiGw.csproj", "{E42F5F8A-7352-40AB-B9E1-B03A94405752}"
EndProject
Project("{9A19103F-16F7-4668-BE54-9A1E7A4F7556}") = "Shopping.Aggregator", "ApiGateways\Shopping.Aggregator\Shopping.Aggregator.csproj", "{0C3E081D-C55F-4F29-8ACD-9F88BE88419F}"
EndProject
Project("{2150E333-8FDC-42A3-9474-1A3956D46DE8}") = "WebApps", "WebApps", "{2A84BBD3-151D-4185-A8A0-9C7A72D5D439}"
EndProject
Project("{9A19103F-16F7-4668-BE54-9A1E7A4F7556}") = "AspnetRunBasics", "WebApps\AspnetRunBasics\AspnetRunBasics.csproj", "{BC16980D-52AC-4480-A75E-A78E8C714762}"
EndProject
Global
	GlobalSection(SolutionConfigurationPlatforms) = preSolution
		Debug|Any CPU = Debug|Any CPU
		Release|Any CPU = Release|Any CPU
	EndGlobalSection
	GlobalSection(ProjectConfigurationPlatforms) = postSolution
		{197418E9-E95B-4AD9-82DC-2CEEF2DD0290}.Debug|Any CPU.ActiveCfg = Debug|Any CPU
		{197418E9-E95B-4AD9-82DC-2CEEF2DD0290}.Debug|Any CPU.Build.0 = Debug|Any CPU
		{197418E9-E95B-4AD9-82DC-2CEEF2DD0290}.Release|Any CPU.ActiveCfg = Release|Any CPU
		{197418E9-E95B-4AD9-82DC-2CEEF2DD0290}.Release|Any CPU.Build.0 = Release|Any CPU
		{48D49592-939C-46D3-B11A-3CD8400F5F6E}.Debug|Any CPU.ActiveCfg = Debug|Any CPU
		{48D49592-939C-46D3-B11A-3CD8400F5F6E}.Debug|Any CPU.Build.0 = Debug|Any CPU
		{48D49592-939C-46D3-B11A-3CD8400F5F6E}.Release|Any CPU.ActiveCfg = Release|Any CPU
		{48D49592-939C-46D3-B11A-3CD8400F5F6E}.Release|Any CPU.Build.0 = Release|Any CPU
		{EDD99D0E-EFDE-42A5-9925-02687E53AE85}.Debug|Any CPU.ActiveCfg = Debug|Any CPU
		{EDD99D0E-EFDE-42A5-9925-02687E53AE85}.Debug|Any CPU.Build.0 = Debug|Any CPU
		{EDD99D0E-EFDE-42A5-9925-02687E53AE85}.Release|Any CPU.ActiveCfg = Release|Any CPU
		{EDD99D0E-EFDE-42A5-9925-02687E53AE85}.Release|Any CPU.Build.0 = Release|Any CPU
		{2590F2D8-0DD8-40E6-9803-CB63CB5AA9A7}.Debug|Any CPU.ActiveCfg = Debug|Any CPU
		{2590F2D8-0DD8-40E6-9803-CB63CB5AA9A7}.Debug|Any CPU.Build.0 = Debug|Any CPU
		{2590F2D8-0DD8-40E6-9803-CB63CB5AA9A7}.Release|Any CPU.ActiveCfg = Release|Any CPU
		{2590F2D8-0DD8-40E6-9803-CB63CB5AA9A7}.Release|Any CPU.Build.0 = Release|Any CPU
		{A0F43B2C-A620-448A-899B-BE26B0A40B6D}.Debug|Any CPU.ActiveCfg = Debug|Any CPU
		{A0F43B2C-A620-448A-899B-BE26B0A40B6D}.Debug|Any CPU.Build.0 = Debug|Any CPU
		{A0F43B2C-A620-448A-899B-BE26B0A40B6D}.Release|Any CPU.ActiveCfg = Release|Any CPU
		{A0F43B2C-A620-448A-899B-BE26B0A40B6D}.Release|Any CPU.Build.0 = Release|Any CPU
		{750A7ECD-D645-4718-913F-7E627ACF8AF1}.Debug|Any CPU.ActiveCfg = Debug|Any CPU
		{750A7ECD-D645-4718-913F-7E627ACF8AF1}.Debug|Any CPU.Build.0 = Debug|Any CPU
		{750A7ECD-D645-4718-913F-7E627ACF8AF1}.Release|Any CPU.ActiveCfg = Release|Any CPU
		{750A7ECD-D645-4718-913F-7E627ACF8AF1}.Release|Any CPU.Build.0 = Release|Any CPU
		{7A42AAA7-707F-4962-A74E-6A5F67F85A06}.Debug|Any CPU.ActiveCfg = Debug|Any CPU
		{7A42AAA7-707F-4962-A74E-6A5F67F85A06}.Debug|Any CPU.Build.0 = Debug|Any CPU
		{7A42AAA7-707F-4962-A74E-6A5F67F85A06}.Release|Any CPU.ActiveCfg = Release|Any CPU
		{7A42AAA7-707F-4962-A74E-6A5F67F85A06}.Release|Any CPU.Build.0 = Release|Any CPU
		{64817D87-7D2A-44C4-AB34-E9725EA03CC5}.Debug|Any CPU.ActiveCfg = Debug|Any CPU
		{64817D87-7D2A-44C4-AB34-E9725EA03CC5}.Debug|Any CPU.Build.0 = Debug|Any CPU
		{64817D87-7D2A-44C4-AB34-E9725EA03CC5}.Release|Any CPU.ActiveCfg = Release|Any CPU
		{64817D87-7D2A-44C4-AB34-E9725EA03CC5}.Release|Any CPU.Build.0 = Release|Any CPU
		{DED34737-7079-4573-A26F-B3A1A098C4F9}.Debug|Any CPU.ActiveCfg = Debug|Any CPU
		{DED34737-7079-4573-A26F-B3A1A098C4F9}.Debug|Any CPU.Build.0 = Debug|Any CPU
		{DED34737-7079-4573-A26F-B3A1A098C4F9}.Release|Any CPU.ActiveCfg = Release|Any CPU
		{DED34737-7079-4573-A26F-B3A1A098C4F9}.Release|Any CPU.Build.0 = Release|Any CPU
		{4F58F56E-9A8A-450D-91F0-298521CF2403}.Debug|Any CPU.ActiveCfg = Debug|Any CPU
		{4F58F56E-9A8A-450D-91F0-298521CF2403}.Debug|Any CPU.Build.0 = Debug|Any CPU
		{4F58F56E-9A8A-450D-91F0-298521CF2403}.Release|Any CPU.ActiveCfg = Release|Any CPU
		{4F58F56E-9A8A-450D-91F0-298521CF2403}.Release|Any CPU.Build.0 = Release|Any CPU
		{E42F5F8A-7352-40AB-B9E1-B03A94405752}.Debug|Any CPU.ActiveCfg = Debug|Any CPU
		{E42F5F8A-7352-40AB-B9E1-B03A94405752}.Debug|Any CPU.Build.0 = Debug|Any CPU
		{E42F5F8A-7352-40AB-B9E1-B03A94405752}.Release|Any CPU.ActiveCfg = Release|Any CPU
		{E42F5F8A-7352-40AB-B9E1-B03A94405752}.Release|Any CPU.Build.0 = Release|Any CPU
		{0C3E081D-C55F-4F29-8ACD-9F88BE88419F}.Debug|Any CPU.ActiveCfg = Debug|Any CPU
		{0C3E081D-C55F-4F29-8ACD-9F88BE88419F}.Debug|Any CPU.Build.0 = Debug|Any CPU
		{0C3E081D-C55F-4F29-8ACD-9F88BE88419F}.Release|Any CPU.ActiveCfg = Release|Any CPU
		{0C3E081D-C55F-4F29-8ACD-9F88BE88419F}.Release|Any CPU.Build.0 = Release|Any CPU
		{BC16980D-52AC-4480-A75E-A78E8C714762}.Debug|Any CPU.ActiveCfg = Debug|Any CPU
		{BC16980D-52AC-4480-A75E-A78E8C714762}.Debug|Any CPU.Build.0 = Debug|Any CPU
		{BC16980D-52AC-4480-A75E-A78E8C714762}.Release|Any CPU.ActiveCfg = Release|Any CPU
		{BC16980D-52AC-4480-A75E-A78E8C714762}.Release|Any CPU.Build.0 = Release|Any CPU
	EndGlobalSection
	GlobalSection(SolutionProperties) = preSolution
		HideSolutionNode = FALSE
	EndGlobalSection
	GlobalSection(NestedProjects) = preSolution
		{C00E353E-2E84-42EA-BC8D-D70EFC4EEBDC} = {D306FFA9-5860-4A60-B724-71E2FF761D1D}
		{197418E9-E95B-4AD9-82DC-2CEEF2DD0290} = {C00E353E-2E84-42EA-BC8D-D70EFC4EEBDC}
		{0D272826-7464-469E-B00F-B84D361BF100} = {D306FFA9-5860-4A60-B724-71E2FF761D1D}
		{EDD99D0E-EFDE-42A5-9925-02687E53AE85} = {0D272826-7464-469E-B00F-B84D361BF100}
		{28B6A7C4-3314-4685-80A2-99507205FD7E} = {D306FFA9-5860-4A60-B724-71E2FF761D1D}
		{2590F2D8-0DD8-40E6-9803-CB63CB5AA9A7} = {28B6A7C4-3314-4685-80A2-99507205FD7E}
		{A0F43B2C-A620-448A-899B-BE26B0A40B6D} = {28B6A7C4-3314-4685-80A2-99507205FD7E}
		{2A98D0A6-919E-47F2-B324-D4EFFDD82541} = {D306FFA9-5860-4A60-B724-71E2FF761D1D}
		{750A7ECD-D645-4718-913F-7E627ACF8AF1} = {2A98D0A6-919E-47F2-B324-D4EFFDD82541}
		{7A42AAA7-707F-4962-A74E-6A5F67F85A06} = {2A98D0A6-919E-47F2-B324-D4EFFDD82541}
		{64817D87-7D2A-44C4-AB34-E9725EA03CC5} = {2A98D0A6-919E-47F2-B324-D4EFFDD82541}
		{DED34737-7079-4573-A26F-B3A1A098C4F9} = {2A98D0A6-919E-47F2-B324-D4EFFDD82541}
		{4F58F56E-9A8A-450D-91F0-298521CF2403} = {29408B6F-60C7-4996-8DAC-8662341428A2}
		{E42F5F8A-7352-40AB-B9E1-B03A94405752} = {6813BC00-7F5E-44C2-BAFC-6D5EDE4272B1}
		{0C3E081D-C55F-4F29-8ACD-9F88BE88419F} = {6813BC00-7F5E-44C2-BAFC-6D5EDE4272B1}
		{BC16980D-52AC-4480-A75E-A78E8C714762} = {2A84BBD3-151D-4185-A8A0-9C7A72D5D439}
	EndGlobalSection
	GlobalSection(ExtensibilityGlobals) = postSolution
		SolutionGuid = {026E1122-E93B-4CD0-BD6B-A5F46B3F33D0}
	EndGlobalSection
EndGlobal
